
Microsoft Visual Studio Solution File, Format Version 12.00
# Visual Studio Version 16
VisualStudioVersion = 16.0.29503.13
MinimumVisualStudioVersion = 10.0.40219.1
Project("{FAE04EC0-301F-11D3-BF4B-00C04F79EFBC}") = "Chapter8Examples.Android", "Chapter8Examples\Chapter8Examples.Android\Chapter8Examples.Android.csproj", "{FFE90230-A06F-4193-8C43-7B6E35B3E883}"
EndProject
Project("{FAE04EC0-301F-11D3-BF4B-00C04F79EFBC}") = "Chapter8Examples.iOS", "Chapter8Examples\Chapter8Examples.iOS\Chapter8Examples.iOS.csproj", "{0744A46D-3531-4CD6-86C3-56AF46BA9D98}"
EndProject
Project("{FAE04EC0-301F-11D3-BF4B-00C04F79EFBC}") = "Chapter8Examples", "Chapter8Examples\Chapter8Examples\Chapter8Examples.csproj", "{FA5B00AC-EB95-4F61-B38E-A552DFC15D4F}"
EndProject
Global
	GlobalSection(SolutionConfigurationPlatforms) = preSolution
		Debug|Any CPU = Debug|Any CPU
		Debug|iPhone = Debug|iPhone
		Debug|iPhoneSimulator = Debug|iPhoneSimulator
		Release|Any CPU = Release|Any CPU
		Release|iPhone = Release|iPhone
		Release|iPhoneSimulator = Release|iPhoneSimulator
	EndGlobalSection
	GlobalSection(ProjectConfigurationPlatforms) = postSolution
		{FFE90230-A06F-4193-8C43-7B6E35B3E883}.Debug|Any CPU.ActiveCfg = Debug|Any CPU
		{FFE90230-A06F-4193-8C43-7B6E35B3E883}.Debug|Any CPU.Build.0 = Debug|Any CPU
		{FFE90230-A06F-4193-8C43-7B6E35B3E883}.Debug|Any CPU.Deploy.0 = Debug|Any CPU
		{FFE90230-A06F-4193-8C43-7B6E35B3E883}.Debug|iPhone.ActiveCfg = Debug|Any CPU
		{FFE90230-A06F-4193-8C43-7B6E35B3E883}.Debug|iPhone.Build.0 = Debug|Any CPU
		{FFE90230-A06F-4193-8C43-7B6E35B3E883}.Debug|iPhone.Deploy.0 = Debug|Any CPU
		{FFE90230-A06F-4193-8C43-7B6E35B3E883}.Debug|iPhoneSimulator.ActiveCfg = Debug|Any CPU
		{FFE90230-A06F-4193-8C43-7B6E35B3E883}.Debug|iPhoneSimulator.Build.0 = Debug|Any CPU
		{FFE90230-A06F-4193-8C43-7B6E35B3E883}.Debug|iPhoneSimulator.Deploy.0 = Debug|Any CPU
		{FFE90230-A06F-4193-8C43-7B6E35B3E883}.Release|Any CPU.ActiveCfg = Release|Any CPU
		{FFE90230-A06F-4193-8C43-7B6E35B3E883}.Release|Any CPU.Build.0 = Release|Any CPU
		{FFE90230-A06F-4193-8C43-7B6E35B3E883}.Release|Any CPU.Deploy.0 = Release|Any CPU
		{FFE90230-A06F-4193-8C43-7B6E35B3E883}.Release|iPhone.ActiveCfg = Release|Any CPU
		{FFE90230-A06F-4193-8C43-7B6E35B3E883}.Release|iPhone.Build.0 = Release|Any CPU
		{FFE90230-A06F-4193-8C43-7B6E35B3E883}.Release|iPhone.Deploy.0 = Release|Any CPU
		{FFE90230-A06F-4193-8C43-7B6E35B3E883}.Release|iPhoneSimulator.ActiveCfg = Release|Any CPU
		{FFE90230-A06F-4193-8C43-7B6E35B3E883}.Release|iPhoneSimulator.Build.0 = Release|Any CPU
		{FFE90230-A06F-4193-8C43-7B6E35B3E883}.Release|iPhoneSimulator.Deploy.0 = Release|Any CPU
		{0744A46D-3531-4CD6-86C3-56AF46BA9D98}.Debug|Any CPU.ActiveCfg = Debug|iPhoneSimulator
		{0744A46D-3531-4CD6-86C3-56AF46BA9D98}.Debug|Any CPU.Build.0 = Debug|iPhoneSimulator
		{0744A46D-3531-4CD6-86C3-56AF46BA9D98}.Debug|Any CPU.Deploy.0 = Debug|iPhoneSimulator
		{0744A46D-3531-4CD6-86C3-56AF46BA9D98}.Debug|iPhone.ActiveCfg = Debug|iPhone
		{0744A46D-3531-4CD6-86C3-56AF46BA9D98}.Debug|iPhone.Build.0 = Debug|iPhone
		{0744A46D-3531-4CD6-86C3-56AF46BA9D98}.Debug|iPhone.Deploy.0 = Debug|iPhone
		{0744A46D-3531-4CD6-86C3-56AF46BA9D98}.Debug|iPhoneSimulator.ActiveCfg = Debug|iPhoneSimulator
		{0744A46D-3531-4CD6-86C3-56AF46BA9D98}.Debug|iPhoneSimulator.Build.0 = Debug|iPhoneSimulator
		{0744A46D-3531-4CD6-86C3-56AF46BA9D98}.Debug|iPhoneSimulator.Deploy.0 = Debug|iPhoneSimulator
		{0744A46D-3531-4CD6-86C3-56AF46BA9D98}.Release|Any CPU.ActiveCfg = Release|iPhone
		{0744A46D-3531-4CD6-86C3-56AF46BA9D98}.Release|Any CPU.Build.0 = Release|iPhone
		{0744A46D-3531-4CD6-86C3-56AF46BA9D98}.Release|Any CPU.Deploy.0 = Release|iPhone
		{0744A46D-3531-4CD6-86C3-56AF46BA9D98}.Release|iPhone.ActiveCfg = Release|iPhone
		{0744A46D-3531-4CD6-86C3-56AF46BA9D98}.Release|iPhone.Build.0 = Release|iPhone
		{0744A46D-3531-4CD6-86C3-56AF46BA9D98}.Release|iPhone.Deploy.0 = Release|iPhone
		{0744A46D-3531-4CD6-86C3-56AF46BA9D98}.Release|iPhoneSimulator.ActiveCfg = Release|iPhoneSimulator
		{0744A46D-3531-4CD6-86C3-56AF46BA9D98}.Release|iPhoneSimulator.Build.0 = Release|iPhoneSimulator
		{0744A46D-3531-4CD6-86C3-56AF46BA9D98}.Release|iPhoneSimulator.Deploy.0 = Release|iPhoneSimulator
		{FA5B00AC-EB95-4F61-B38E-A552DFC15D4F}.Debug|Any CPU.ActiveCfg = Debug|Any CPU
		{FA5B00AC-EB95-4F61-B38E-A552DFC15D4F}.Debug|Any CPU.Build.0 = Debug|Any CPU
		{FA5B00AC-EB95-4F61-B38E-A552DFC15D4F}.Debug|Any CPU.Deploy.0 = Debug|Any CPU
		{FA5B00AC-EB95-4F61-B38E-A552DFC15D4F}.Debug|iPhone.ActiveCfg = Debug|Any CPU
		{FA5B00AC-EB95-4F61-B38E-A552DFC15D4F}.Debug|iPhone.Build.0 = Debug|Any CPU
		{FA5B00AC-EB95-4F61-B38E-A552DFC15D4F}.Debug|iPhone.Deploy.0 = Debug|Any CPU
		{FA5B00AC-EB95-4F61-B38E-A552DFC15D4F}.Debug|iPhoneSimulator.ActiveCfg = Debug|Any CPU
		{FA5B00AC-EB95-4F61-B38E-A552DFC15D4F}.Debug|iPhoneSimulator.Build.0 = Debug|Any CPU
		{FA5B00AC-EB95-4F61-B38E-A552DFC15D4F}.Debug|iPhoneSimulator.Deploy.0 = Debug|Any CPU
		{FA5B00AC-EB95-4F61-B38E-A552DFC15D4F}.Release|Any CPU.ActiveCfg = Release|Any CPU
		{FA5B00AC-EB95-4F61-B38E-A552DFC15D4F}.Release|Any CPU.Build.0 = Release|Any CPU
		{FA5B00AC-EB95-4F61-B38E-A552DFC15D4F}.Release|Any CPU.Deploy.0 = Release|Any CPU
		{FA5B00AC-EB95-4F61-B38E-A552DFC15D4F}.Release|iPhone.ActiveCfg = Release|Any CPU
		{FA5B00AC-EB95-4F61-B38E-A552DFC15D4F}.Release|iPhone.Build.0 = Release|Any CPU
		{FA5B00AC-EB95-4F61-B38E-A552DFC15D4F}.Release|iPhone.Deploy.0 = Release|Any CPU
		{FA5B00AC-EB95-4F61-B38E-A552DFC15D4F}.Release|iPhoneSimulator.ActiveCfg = Release|Any CPU
		{FA5B00AC-EB95-4F61-B38E-A552DFC15D4F}.Release|iPhoneSimulator.Build.0 = Release|Any CPU
		{FA5B00AC-EB95-4F61-B38E-A552DFC15D4F}.Release|iPhoneSimulator.Deploy.0 = Release|Any CPU
	EndGlobalSection
	GlobalSection(SolutionProperties) = preSolution
		HideSolutionNode = FALSE
	EndGlobalSection
	GlobalSection(ExtensibilityGlobals) = postSolution
		SolutionGuid = {23FB955D-46F1-43B9-8DC7-729D013314D3}
	EndGlobalSection
EndGlobal
