
Microsoft Visual Studio Solution File, Format Version 12.00
# Visual Studio Version 16
VisualStudioVersion = 16.0.29503.13
MinimumVisualStudioVersion = 10.0.40219.1
Project("{FAE04EC0-301F-11D3-BF4B-00C04F79EFBC}") = "Chapter7Examples.Android", "Chapter7Examples\Chapter7Examples.Android\Chapter7Examples.Android.csproj", "{0F0519CD-2E3F-427C-BD34-A9F3AE387F62}"
EndProject
Project("{FAE04EC0-301F-11D3-BF4B-00C04F79EFBC}") = "Chapter7Examples.iOS", "Chapter7Examples\Chapter7Examples.iOS\Chapter7Examples.iOS.csproj", "{E7A191A2-67D7-4184-B491-3C15396E32CA}"
EndProject
Project("{FAE04EC0-301F-11D3-BF4B-00C04F79EFBC}") = "Chapter7Examples", "Chapter7Examples\Chapter7Examples\Chapter7Examples.csproj", "{4071B953-5F14-4ED7-A452-CC75702CD7CD}"
EndProject
Global
	GlobalSection(SolutionConfigurationPlatforms) = preSolution
		Debug|Any CPU = Debug|Any CPU
		Debug|iPhone = Debug|iPhone
		Debug|iPhoneSimulator = Debug|iPhoneSimulator
		Release|Any CPU = Release|Any CPU
		Release|iPhone = Release|iPhone
		Release|iPhoneSimulator = Release|iPhoneSimulator
	EndGlobalSection
	GlobalSection(ProjectConfigurationPlatforms) = postSolution
		{0F0519CD-2E3F-427C-BD34-A9F3AE387F62}.Debug|Any CPU.ActiveCfg = Debug|Any CPU
		{0F0519CD-2E3F-427C-BD34-A9F3AE387F62}.Debug|Any CPU.Build.0 = Debug|Any CPU
		{0F0519CD-2E3F-427C-BD34-A9F3AE387F62}.Debug|Any CPU.Deploy.0 = Debug|Any CPU
		{0F0519CD-2E3F-427C-BD34-A9F3AE387F62}.Debug|iPhone.ActiveCfg = Debug|Any CPU
		{0F0519CD-2E3F-427C-BD34-A9F3AE387F62}.Debug|iPhone.Build.0 = Debug|Any CPU
		{0F0519CD-2E3F-427C-BD34-A9F3AE387F62}.Debug|iPhone.Deploy.0 = Debug|Any CPU
		{0F0519CD-2E3F-427C-BD34-A9F3AE387F62}.Debug|iPhoneSimulator.ActiveCfg = Debug|Any CPU
		{0F0519CD-2E3F-427C-BD34-A9F3AE387F62}.Debug|iPhoneSimulator.Build.0 = Debug|Any CPU
		{0F0519CD-2E3F-427C-BD34-A9F3AE387F62}.Debug|iPhoneSimulator.Deploy.0 = Debug|Any CPU
		{0F0519CD-2E3F-427C-BD34-A9F3AE387F62}.Release|Any CPU.ActiveCfg = Release|Any CPU
		{0F0519CD-2E3F-427C-BD34-A9F3AE387F62}.Release|Any CPU.Build.0 = Release|Any CPU
		{0F0519CD-2E3F-427C-BD34-A9F3AE387F62}.Release|Any CPU.Deploy.0 = Release|Any CPU
		{0F0519CD-2E3F-427C-BD34-A9F3AE387F62}.Release|iPhone.ActiveCfg = Release|Any CPU
		{0F0519CD-2E3F-427C-BD34-A9F3AE387F62}.Release|iPhone.Build.0 = Release|Any CPU
		{0F0519CD-2E3F-427C-BD34-A9F3AE387F62}.Release|iPhone.Deploy.0 = Release|Any CPU
		{0F0519CD-2E3F-427C-BD34-A9F3AE387F62}.Release|iPhoneSimulator.ActiveCfg = Release|Any CPU
		{0F0519CD-2E3F-427C-BD34-A9F3AE387F62}.Release|iPhoneSimulator.Build.0 = Release|Any CPU
		{0F0519CD-2E3F-427C-BD34-A9F3AE387F62}.Release|iPhoneSimulator.Deploy.0 = Release|Any CPU
		{E7A191A2-67D7-4184-B491-3C15396E32CA}.Debug|Any CPU.ActiveCfg = Debug|iPhoneSimulator
		{E7A191A2-67D7-4184-B491-3C15396E32CA}.Debug|Any CPU.Build.0 = Debug|iPhoneSimulator
		{E7A191A2-67D7-4184-B491-3C15396E32CA}.Debug|Any CPU.Deploy.0 = Debug|iPhoneSimulator
		{E7A191A2-67D7-4184-B491-3C15396E32CA}.Debug|iPhone.ActiveCfg = Debug|iPhone
		{E7A191A2-67D7-4184-B491-3C15396E32CA}.Debug|iPhone.Build.0 = Debug|iPhone
		{E7A191A2-67D7-4184-B491-3C15396E32CA}.Debug|iPhone.Deploy.0 = Debug|iPhone
		{E7A191A2-67D7-4184-B491-3C15396E32CA}.Debug|iPhoneSimulator.ActiveCfg = Debug|iPhoneSimulator
		{E7A191A2-67D7-4184-B491-3C15396E32CA}.Debug|iPhoneSimulator.Build.0 = Debug|iPhoneSimulator
		{E7A191A2-67D7-4184-B491-3C15396E32CA}.Debug|iPhoneSimulator.Deploy.0 = Debug|iPhoneSimulator
		{E7A191A2-67D7-4184-B491-3C15396E32CA}.Release|Any CPU.ActiveCfg = Release|iPhone
		{E7A191A2-67D7-4184-B491-3C15396E32CA}.Release|Any CPU.Build.0 = Release|iPhone
		{E7A191A2-67D7-4184-B491-3C15396E32CA}.Release|Any CPU.Deploy.0 = Release|iPhone
		{E7A191A2-67D7-4184-B491-3C15396E32CA}.Release|iPhone.ActiveCfg = Release|iPhone
		{E7A191A2-67D7-4184-B491-3C15396E32CA}.Release|iPhone.Build.0 = Release|iPhone
		{E7A191A2-67D7-4184-B491-3C15396E32CA}.Release|iPhone.Deploy.0 = Release|iPhone
		{E7A191A2-67D7-4184-B491-3C15396E32CA}.Release|iPhoneSimulator.ActiveCfg = Release|iPhoneSimulator
		{E7A191A2-67D7-4184-B491-3C15396E32CA}.Release|iPhoneSimulator.Build.0 = Release|iPhoneSimulator
		{E7A191A2-67D7-4184-B491-3C15396E32CA}.Release|iPhoneSimulator.Deploy.0 = Release|iPhoneSimulator
		{4071B953-5F14-4ED7-A452-CC75702CD7CD}.Debug|Any CPU.ActiveCfg = Debug|Any CPU
		{4071B953-5F14-4ED7-A452-CC75702CD7CD}.Debug|Any CPU.Build.0 = Debug|Any CPU
		{4071B953-5F14-4ED7-A452-CC75702CD7CD}.Debug|Any CPU.Deploy.0 = Debug|Any CPU
		{4071B953-5F14-4ED7-A452-CC75702CD7CD}.Debug|iPhone.ActiveCfg = Debug|Any CPU
		{4071B953-5F14-4ED7-A452-CC75702CD7CD}.Debug|iPhone.Build.0 = Debug|Any CPU
		{4071B953-5F14-4ED7-A452-CC75702CD7CD}.Debug|iPhone.Deploy.0 = Debug|Any CPU
		{4071B953-5F14-4ED7-A452-CC75702CD7CD}.Debug|iPhoneSimulator.ActiveCfg = Debug|Any CPU
		{4071B953-5F14-4ED7-A452-CC75702CD7CD}.Debug|iPhoneSimulator.Build.0 = Debug|Any CPU
		{4071B953-5F14-4ED7-A452-CC75702CD7CD}.Debug|iPhoneSimulator.Deploy.0 = Debug|Any CPU
		{4071B953-5F14-4ED7-A452-CC75702CD7CD}.Release|Any CPU.ActiveCfg = Release|Any CPU
		{4071B953-5F14-4ED7-A452-CC75702CD7CD}.Release|Any CPU.Build.0 = Release|Any CPU
		{4071B953-5F14-4ED7-A452-CC75702CD7CD}.Release|Any CPU.Deploy.0 = Release|Any CPU
		{4071B953-5F14-4ED7-A452-CC75702CD7CD}.Release|iPhone.ActiveCfg = Release|Any CPU
		{4071B953-5F14-4ED7-A452-CC75702CD7CD}.Release|iPhone.Build.0 = Release|Any CPU
		{4071B953-5F14-4ED7-A452-CC75702CD7CD}.Release|iPhone.Deploy.0 = Release|Any CPU
		{4071B953-5F14-4ED7-A452-CC75702CD7CD}.Release|iPhoneSimulator.ActiveCfg = Release|Any CPU
		{4071B953-5F14-4ED7-A452-CC75702CD7CD}.Release|iPhoneSimulator.Build.0 = Release|Any CPU
		{4071B953-5F14-4ED7-A452-CC75702CD7CD}.Release|iPhoneSimulator.Deploy.0 = Release|Any CPU
	EndGlobalSection
	GlobalSection(SolutionProperties) = preSolution
		HideSolutionNode = FALSE
	EndGlobalSection
	GlobalSection(ExtensibilityGlobals) = postSolution
		SolutionGuid = {16F0820E-BAC3-4FC8-ACAD-69678205DD41}
	EndGlobalSection
EndGlobal
